
Microsoft Visual Studio Solution File, Format Version 12.00
# Visual Studio Version 16
VisualStudioVersion = 16.0.30907.101
MinimumVisualStudioVersion = 10.0.40219.1
Project("{FAE04EC0-301F-11D3-BF4B-00C04F79EFBC}") = "LogSetupApp", "LogSetupApp\LogSetupApp.csproj", "{EE2747B2-8EB3-4797-B9E3-099C15319079}"
EndProject
Global
	GlobalSection(SolutionConfigurationPlatforms) = preSolution
		Debug|Any CPU = Debug|Any CPU
		Release|Any CPU = Release|Any CPU
	EndGlobalSection
	GlobalSection(ProjectConfigurationPlatforms) = postSolution
		{EE2747B2-8EB3-4797-B9E3-099C15319079}.Debug|Any CPU.ActiveCfg = Debug|Any CPU
		{EE2747B2-8EB3-4797-B9E3-099C15319079}.Debug|Any CPU.Build.0 = Debug|Any CPU
		{EE2747B2-8EB3-4797-B9E3-099C15319079}.Release|Any CPU.ActiveCfg = Release|Any CPU
		{EE2747B2-8EB3-4797-B9E3-099C15319079}.Release|Any CPU.Build.0 = Release|Any CPU
	EndGlobalSection
	GlobalSection(SolutionProperties) = preSolution
		HideSolutionNode = FALSE
	EndGlobalSection
	GlobalSection(ExtensibilityGlobals) = postSolution
		SolutionGuid = {272CE3D5-CD30-4B66-90B6-371B2E35F84F}
	EndGlobalSection
EndGlobal
